
Microsoft Visual Studio Solution File, Format Version 12.00
# Visual Studio Version 17
VisualStudioVersion = 17.13.35931.197
MinimumVisualStudioVersion = 10.0.40219.1
Project("{FAE04EC0-301F-11D3-BF4B-00C04F79EFBC}") = "BankAccount.Dominio", "BankAccount\BankAccount.Dominio\BankAccount.Dominio.csproj", "{DF594DC4-DCF0-4AA6-8097-10C00C80E350}"
EndProject
Project("{FAE04EC0-301F-11D3-BF4B-00C04F79EFBC}") = "BankAccount.API", "BankAccount\BankAccount.API\BankAccount.API.csproj", "{D859651E-52CF-41E3-AE23-4E50262486E3}"
EndProject
Project("{FAE04EC0-301F-11D3-BF4B-00C04F79EFBC}") = "BankAccount.Dominio.Tests", "BankAccount\BankAccount.Dominio.Tests\BankAccount.Dominio.Tests.csproj", "{E9A39979-AE09-4F59-BF6B-92B1C1DC4664}"
EndProject
Project("{FAE04EC0-301F-11D3-BF4B-00C04F79EFBC}") = "BankAccount.EventStore", "BankAccount\BankAccount.EventStore\BankAccount.EventStore.csproj", "{9AF92569-B315-408F-BE30-47EBC377DD4C}"
EndProject
Project("{FAE04EC0-301F-11D3-BF4B-00C04F79EFBC}") = "docker-compose", "BankAccount\docker-compose.dcproj", "{19FA2813-4797-43A4-B968-D8D9212446F6}"
EndProject
Project("{FAE04EC0-301F-11D3-BF4B-00C04F79EFBC}") = "BankAccount.Read.API", "BankAccount\BankAccount.Read.API\BankAccount.Read.API.csproj", "{52BBFC42-33F4-4A7D-9492-236C7355F7DC}"
EndProject
Project("{FAE04EC0-301F-11D3-BF4B-00C04F79EFBC}") = "BankAccount.Proyecciones.Worker", "BankAccount\BankAccount.Proyecciones.Worker\BankAccount.Proyecciones.Worker.csproj", "{DF5B2904-9FCE-41B4-8F9A-6B8B65D35C81}"
EndProject
Project("{FAE04EC0-301F-11D3-BF4B-00C04F79EFBC}") = "BankAccount.Modelos.Lectura", "BankAccount\BankAccount.Modelos.Lectura\BankAccount.Modelos.Lectura.csproj", "{AE844803-E31C-49AA-91B5-D597372D0BD6}"
EndProject
Global
	GlobalSection(SolutionConfigurationPlatforms) = preSolution
		Debug|Any CPU = Debug|Any CPU
		Release|Any CPU = Release|Any CPU
	EndGlobalSection
	GlobalSection(ProjectConfigurationPlatforms) = postSolution
		{DF594DC4-DCF0-4AA6-8097-10C00C80E350}.Debug|Any CPU.ActiveCfg = Debug|Any CPU
		{DF594DC4-DCF0-4AA6-8097-10C00C80E350}.Debug|Any CPU.Build.0 = Debug|Any CPU
		{DF594DC4-DCF0-4AA6-8097-10C00C80E350}.Release|Any CPU.ActiveCfg = Release|Any CPU
		{DF594DC4-DCF0-4AA6-8097-10C00C80E350}.Release|Any CPU.Build.0 = Release|Any CPU
		{D859651E-52CF-41E3-AE23-4E50262486E3}.Debug|Any CPU.ActiveCfg = Debug|Any CPU
		{D859651E-52CF-41E3-AE23-4E50262486E3}.Debug|Any CPU.Build.0 = Debug|Any CPU
		{D859651E-52CF-41E3-AE23-4E50262486E3}.Release|Any CPU.ActiveCfg = Release|Any CPU
		{D859651E-52CF-41E3-AE23-4E50262486E3}.Release|Any CPU.Build.0 = Release|Any CPU
		{E9A39979-AE09-4F59-BF6B-92B1C1DC4664}.Debug|Any CPU.ActiveCfg = Debug|Any CPU
		{E9A39979-AE09-4F59-BF6B-92B1C1DC4664}.Debug|Any CPU.Build.0 = Debug|Any CPU
		{E9A39979-AE09-4F59-BF6B-92B1C1DC4664}.Release|Any CPU.ActiveCfg = Release|Any CPU
		{E9A39979-AE09-4F59-BF6B-92B1C1DC4664}.Release|Any CPU.Build.0 = Release|Any CPU
		{9AF92569-B315-408F-BE30-47EBC377DD4C}.Debug|Any CPU.ActiveCfg = Debug|Any CPU
		{9AF92569-B315-408F-BE30-47EBC377DD4C}.Debug|Any CPU.Build.0 = Debug|Any CPU
		{9AF92569-B315-408F-BE30-47EBC377DD4C}.Release|Any CPU.ActiveCfg = Release|Any CPU
		{9AF92569-B315-408F-BE30-47EBC377DD4C}.Release|Any CPU.Build.0 = Release|Any CPU
		{19FA2813-4797-43A4-B968-D8D9212446F6}.Debug|Any CPU.ActiveCfg = Debug|Any CPU
		{19FA2813-4797-43A4-B968-D8D9212446F6}.Debug|Any CPU.Build.0 = Debug|Any CPU
		{19FA2813-4797-43A4-B968-D8D9212446F6}.Release|Any CPU.ActiveCfg = Debug|Any CPU
		{19FA2813-4797-43A4-B968-D8D9212446F6}.Release|Any CPU.Build.0 = Debug|Any CPU
		{52BBFC42-33F4-4A7D-9492-236C7355F7DC}.Debug|Any CPU.ActiveCfg = Debug|Any CPU
		{52BBFC42-33F4-4A7D-9492-236C7355F7DC}.Debug|Any CPU.Build.0 = Debug|Any CPU
		{52BBFC42-33F4-4A7D-9492-236C7355F7DC}.Release|Any CPU.ActiveCfg = Release|Any CPU
		{52BBFC42-33F4-4A7D-9492-236C7355F7DC}.Release|Any CPU.Build.0 = Release|Any CPU
		{DF5B2904-9FCE-41B4-8F9A-6B8B65D35C81}.Debug|Any CPU.ActiveCfg = Debug|Any CPU
		{DF5B2904-9FCE-41B4-8F9A-6B8B65D35C81}.Debug|Any CPU.Build.0 = Debug|Any CPU
		{DF5B2904-9FCE-41B4-8F9A-6B8B65D35C81}.Release|Any CPU.ActiveCfg = Release|Any CPU
		{DF5B2904-9FCE-41B4-8F9A-6B8B65D35C81}.Release|Any CPU.Build.0 = Release|Any CPU
		{AE844803-E31C-49AA-91B5-D597372D0BD6}.Debug|Any CPU.ActiveCfg = Debug|Any CPU
		{AE844803-E31C-49AA-91B5-D597372D0BD6}.Debug|Any CPU.Build.0 = Debug|Any CPU
		{AE844803-E31C-49AA-91B5-D597372D0BD6}.Release|Any CPU.ActiveCfg = Release|Any CPU
		{AE844803-E31C-49AA-91B5-D597372D0BD6}.Release|Any CPU.Build.0 = Release|Any CPU
	EndGlobalSection
	GlobalSection(SolutionProperties) = preSolution
		HideSolutionNode = FALSE
	EndGlobalSection
	GlobalSection(ExtensibilityGlobals) = postSolution
		SolutionGuid = {C86B5826-E3AE-48C5-BACD-12DF5A44D398}
	EndGlobalSection
EndGlobal
